Microsoft Visual Studio Solution File, Format Version 12.00
# Visual Studio Version 17
VisualStudioVersion = 17.5.2.0
MinimumVisualStudioVersion = 10.0.40219.1
Project("{2150E333-8FDC-42A3-9474-1A3956D46DE8}") = "tools", "tools", "{07C2787E-EAC7-C090-1BA3-A61EC2A24D84}"
EndProject
Project("{2150E333-8FDC-42A3-9474-1A3956D46DE8}") = "demo-docx-generator", "demo-docx-generator", "{A03EA605-883A-ED8A-2BCB-F40C9591DF8F}"
EndProject
Project("{FAE04EC0-301F-11D3-BF4B-00C04F79EFBC}") = "DemoDocxGenerator", "tools\demo-docx-generator\DemoDocxGenerator.csproj", "{9E385C48-3C86-8334-8879-B087B834A1B2}"
EndProject
Global
	GlobalSection(SolutionConfigurationPlatforms) = preSolution
		Debug|Any CPU = Debug|Any CPU
		Release|Any CPU = Release|Any CPU
	EndGlobalSection
	GlobalSection(ProjectConfigurationPlatforms) = postSolution
		{9E385C48-3C86-8334-8879-B087B834A1B2}.Debug|Any CPU.ActiveCfg = Debug|Any CPU
		{9E385C48-3C86-8334-8879-B087B834A1B2}.Debug|Any CPU.Build.0 = Debug|Any CPU
		{9E385C48-3C86-8334-8879-B087B834A1B2}.Release|Any CPU.ActiveCfg = Release|Any CPU
		{9E385C48-3C86-8334-8879-B087B834A1B2}.Release|Any CPU.Build.0 = Release|Any CPU
	EndGlobalSection
	GlobalSection(SolutionProperties) = preSolution
		HideSolutionNode = FALSE
	EndGlobalSection
	GlobalSection(NestedProjects) = preSolution
		{A03EA605-883A-ED8A-2BCB-F40C9591DF8F} = {07C2787E-EAC7-C090-1BA3-A61EC2A24D84}
		{9E385C48-3C86-8334-8879-B087B834A1B2} = {A03EA605-883A-ED8A-2BCB-F40C9591DF8F}
	EndGlobalSection
	GlobalSection(ExtensibilityGlobals) = postSolution
		SolutionGuid = {4451E914-7636-4944-90D1-51EF8AB4D060}
	EndGlobalSection
EndGlobal
